
Microsoft Visual Studio Solution File, Format Version 12.00
# Visual Studio Version 17
VisualStudioVersion = 17.8.34330.188
MinimumVisualStudioVersion = 10.0.40219.1
Project("{8BC9CEB8-8B4A-11D0-8D11-00A0C91BC942}") = "ImageConverter", "Texter.vcxproj", "{DA608ABF-6440-45C2-B56D-5D3E5895E7AD}"
EndProject
Project("{8BC9CEB8-8B4A-11D0-8D11-00A0C91BC942}") = "TexterMain", "..\TexterMain\TexterMain.vcxproj", "{72B55DF0-7F11-49A0-9E58-DC971805D8C8}"
EndProject
Global
	GlobalSection(SolutionConfigurationPlatforms) = preSolution
		Debug|x64 = Debug|x64
		Debug|x86 = Debug|x86
		Release|x64 = Release|x64
		Release|x86 = Release|x86
	EndGlobalSection
	GlobalSection(ProjectConfigurationPlatforms) = postSolution
		{DA608ABF-6440-45C2-B56D-5D3E5895E7AD}.Debug|x64.ActiveCfg = Debug|x64
		{DA608ABF-6440-45C2-B56D-5D3E5895E7AD}.Debug|x64.Build.0 = Debug|x64
		{DA608ABF-6440-45C2-B56D-5D3E5895E7AD}.Debug|x86.ActiveCfg = Debug|Win32
		{DA608ABF-6440-45C2-B56D-5D3E5895E7AD}.Debug|x86.Build.0 = Debug|Win32
		{DA608ABF-6440-45C2-B56D-5D3E5895E7AD}.Release|x64.ActiveCfg = Release|x64
		{DA608ABF-6440-45C2-B56D-5D3E5895E7AD}.Release|x64.Build.0 = Release|x64
		{DA608ABF-6440-45C2-B56D-5D3E5895E7AD}.Release|x86.ActiveCfg = Release|Win32
		{DA608ABF-6440-45C2-B56D-5D3E5895E7AD}.Release|x86.Build.0 = Release|Win32
		{72B55DF0-7F11-49A0-9E58-DC971805D8C8}.Debug|x64.ActiveCfg = Debug|x64
		{72B55DF0-7F11-49A0-9E58-DC971805D8C8}.Debug|x64.Build.0 = Debug|x64
		{72B55DF0-7F11-49A0-9E58-DC971805D8C8}.Debug|x86.ActiveCfg = Debug|Win32
		{72B55DF0-7F11-49A0-9E58-DC971805D8C8}.Debug|x86.Build.0 = Debug|Win32
		{72B55DF0-7F11-49A0-9E58-DC971805D8C8}.Release|x64.ActiveCfg = Release|x64
		{72B55DF0-7F11-49A0-9E58-DC971805D8C8}.Release|x64.Build.0 = Release|x64
		{72B55DF0-7F11-49A0-9E58-DC971805D8C8}.Release|x86.ActiveCfg = Release|Win32
		{72B55DF0-7F11-49A0-9E58-DC971805D8C8}.Release|x86.Build.0 = Release|Win32
	EndGlobalSection
	GlobalSection(SolutionProperties) = preSolution
		HideSolutionNode = FALSE
	EndGlobalSection
	GlobalSection(ExtensibilityGlobals) = postSolution
		SolutionGuid = {D59A68E4-DBE2-4A05-B46C-6C3BECD7E78F}
	EndGlobalSection
EndGlobal
